// !$*UTF8*$!
{
	archiveVersion = 1;
	classes = {
	};
	objectVersion = 46;
	objects = {

/* Begin PBXBuildFile section */
		5289E7761D24C66400B4EC19 /* AppDelegate.swift in Sources */ = {isa = PBXBuildFile; fileRef = 5289E7751D24C66400B4EC19 /* AppDelegate.swift */; };
		5289E7781D24C66400B4EC19 /* ViewController.swift in Sources */ = {isa = PBXBuildFile; fileRef = 5289E7771D24C66400B4EC19 /* ViewController.swift */; };
		5289E77B1D24C66400B4EC19 /* Main.storyboard in Resources */ = {isa = PBXBuildFile; fileRef = 5289E7791D24C66400B4EC19 /* Main.storyboard */; };
		5289E77D1D24C66400B4EC19 /* Assets.xcassets in Resources */ = {isa = PBXBuildFile; fileRef = 5289E77C1D24C66400B4EC19 /* Assets.xcassets */; };
		5289E7801D24C66400B4EC19 /* LaunchScreen.storyboard in Resources */ = {isa = PBXBuildFile; fileRef = 5289E77E1D24C66400B4EC19 /* LaunchScreen.storyboard */; };
		5289E78B1D24C66400B4EC19 /* ReproductorDeMusicaTests.swift in Sources */ = {isa = PBXBuildFile; fileRef = 5289E78A1D24C66400B4EC19 /* ReproductorDeMusicaTests.swift */; };
		5289E7961D24C66400B4EC19 /* ReproductorDeMusicaUITests.swift in Sources */ = {isa = PBXBuildFile; fileRef = 5289E7951D24C66400B4EC19 /* ReproductorDeMusicaUITests.swift */; };
		52F530721D28502100E2850D /* Counting Stars.mp3 in Resources */ = {isa = PBXBuildFile; fileRef = 52F530711D28502100E2850D /* Counting Stars.mp3 */; };
		52F530741D28504000E2850D /* Ça plane pour moi.mp3 in Resources */ = {isa = PBXBuildFile; fileRef = 52F530731D28504000E2850D /* Ça plane pour moi.mp3 */; };
		52F530781D28505300E2850D /* Clumsy.mp3 in Resources */ = {isa = PBXBuildFile; fileRef = 52F530771D28505300E2850D /* Clumsy.mp3 */; };
		52F5307A1D28506400E2850D /* Hey Jude.mp3 in Resources */ = {isa = PBXBuildFile; fileRef = 52F530791D28506400E2850D /* Hey Jude.mp3 */; };
		52F530871D29ADB700E2850D /* Light It Up.mp3 in Resources */ = {isa = PBXBuildFile; fileRef = 52F530861D29ADB700E2850D /* Light It Up.mp3 */; };
		52F530891D29B0D200E2850D /* I Love Me.mp3 in Resources */ = {isa = PBXBuildFile; fileRef = 52F530881D29B0D200E2850D /* I Love Me.mp3 */; };
/* End PBXBuildFile section */

/* Begin PBXContainerItemProxy section */
		5289E7871D24C66400B4EC19 /* PBXContainerItemProxy */ = {
			isa = PBXContainerItemProxy;
			containerPortal = 5289E76A1D24C66400B4EC19 /* Project object */;
			proxyType = 1;
			remoteGlobalIDString = 5289E7711D24C66400B4EC19;
			remoteInfo = ReproductorDeMusica;
		};
		5289E7921D24C66400B4EC19 /* PBXContainerItemProxy */ = {
			isa = PBXContainerItemProxy;
			containerPortal = 5289E76A1D24C66400B4EC19 /* Project object */;
			proxyType = 1;
			remoteGlobalIDString = 5289E7711D24C66400B4EC19;
			remoteInfo = ReproductorDeMusica;
		};
/* End PBXContainerItemProxy section */

/* Begin PBXFileReference section */
		5289E7721D24C66400B4EC19 /* ReproductorDeMusica.app */ = {isa = PBXFileReference; explicitFileType = wrapper.application; includeInIndex = 0; path = ReproductorDeMusica.app; sourceTree = BUILT_PRODUCTS_DIR; };
		5289E7751D24C66400B4EC19 /* AppDelegate.swift */ = {isa = PBXFileReference; lastKnownFileType = sourcecode.swift; path = AppDelegate.swift; sourceTree = "<group>"; };
		5289E7771D24C66400B4EC19 /* ViewController.swift */ = {isa = PBXFileReference; lastKnownFileType = sourcecode.swift; path = ViewController.swift; sourceTree = "<group>"; };
		5289E77A1D24C66400B4EC19 /* Base */ = {isa = PBXFileReference; lastKnownFileType = file.storyboard; name = Base; path = Base.lproj/Main.storyboard; sourceTree = "<group>"; };
		5289E77C1D24C66400B4EC19 /* Assets.xcassets */ = {isa = PBXFileReference; lastKnownFileType = folder.assetcatalog; path = Assets.xcassets; sourceTree = "<group>"; };
		5289E77F1D24C66400B4EC19 /* Base */ = {isa = PBXFileReference; lastKnownFileType = file.storyboard; name = Base; path = Base.lproj/LaunchScreen.storyboard; sourceTree = "<group>"; };
		5289E7811D24C66400B4EC19 /* Info.plist */ = {isa = PBXFileReference; lastKnownFileType = text.plist.xml; path = Info.plist; sourceTree = "<group>"; };
		5289E7861D24C66400B4EC19 /* ReproductorDeMusicaTests.xctest */ = {isa = PBXFileReference; explicitFileType = wrapper.cfbundle; includeInIndex = 0; path = ReproductorDeMusicaTests.xctest; sourceTree = BUILT_PRODUCTS_DIR; };
		5289E78A1D24C66400B4EC19 /* ReproductorDeMusicaTests.swift */ = {isa = PBXFileReference; lastKnownFileType = sourcecode.swift; path = ReproductorDeMusicaTests.swift; sourceTree = "<group>"; };
		5289E78C1D24C66400B4EC19 /* Info.plist */ = {isa = PBXFileReference; lastKnownFileType = text.plist.xml; path = Info.plist; sourceTree = "<group>"; };
		5289E7911D24C66400B4EC19 /* ReproductorDeMusicaUITests.xctest */ = {isa = PBXFileReference; explicitFileType = wrapper.cfbundle; includeInIndex = 0; path = ReproductorDeMusicaUITests.xctest; sourceTree = BUILT_PRODUCTS_DIR; };
		5289E7951D24C66400B4EC19 /* ReproductorDeMusicaUITests.swift */ = {isa = PBXFileReference; lastKnownFileType = sourcecode.swift; path = ReproductorDeMusicaUITests.swift; sourceTree = "<group>"; };
		5289E7971D24C66400B4EC19 /* Info.plist */ = {isa = PBXFileReference; lastKnownFileType = text.plist.xml; path = Info.plist; sourceTree = "<group>"; };
		52F530711D28502100E2850D /* Counting Stars.mp3 */ = {isa = PBXFileReference; lastKnownFileType = audio.mp3; path = "Counting Stars.mp3"; sourceTree = "<group>"; };
		52F530731D28504000E2850D /* Ça plane pour moi.mp3 */ = {isa = PBXFileReference; lastKnownFileType = audio.mp3; path = "Ça plane pour moi.mp3"; sourceTree = "<group>"; };
		52F530771D28505300E2850D /* Clumsy.mp3 */ = {isa = PBXFileReference; lastKnownFileType = audio.mp3; path = Clumsy.mp3; sourceTree = "<group>"; };
		52F530791D28506400E2850D /* Hey Jude.mp3 */ = {isa = PBXFileReference; lastKnownFileType = audio.mp3; path = "Hey Jude.mp3"; sourceTree = "<group>"; };
		52F530861D29ADB700E2850D /* Light It Up.mp3 */ = {isa = PBXFileReference; lastKnownFileType = audio.mp3; path = "Light It Up.mp3"; sourceTree = "<group>"; };
		52F530881D29B0D200E2850D /* I Love Me.mp3 */ = {isa = PBXFileReference; lastKnownFileType = audio.mp3; path = "I Love Me.mp3"; sourceTree = "<group>"; };
/* End PBXFileReference section */

/* Begin PBXFrameworksBuildPhase section */
		5289E76F1D24C66400B4EC19 /* Frameworks */ = {
			isa = PBXFrameworksBuildPhase;
			buildActionMask = 2147483647;
			files = (
			);
			runOnlyForDeploymentPostprocessing = 0;
		};
		5289E7831D24C66400B4EC19 /* Frameworks */ = {
			isa = PBXFrameworksBuildPhase;
			buildActionMask = 2147483647;
			files = (
			);
			runOnlyForDeploymentPostprocessing = 0;
		};
		5289E78E1D24C66400B4EC19 /* Frameworks */ = {
			isa = PBXFrameworksBuildPhase;
			buildActionMask = 2147483647;
			files = (
			);
			runOnlyForDeploymentPostprocessing = 0;
		};
/* End PBXFrameworksBuildPhase section */

/* Begin PBXGroup section */
		5289E7691D24C66400B4EC19 = {
			isa = PBXGroup;
			children = (
				5289E7741D24C66400B4EC19 /* ReproductorDeMusica */,
				5289E7891D24C66400B4EC19 /* ReproductorDeMusicaTests */,
				5289E7941D24C66400B4EC19 /* ReproductorDeMusicaUITests */,
				5289E7731D24C66400B4EC19 /* Products */,
			);
			sourceTree = "<group>";
		};
		5289E7731D24C66400B4EC19 /* Products */ = {
			isa = PBXGroup;
			children = (
				5289E7721D24C66400B4EC19 /* ReproductorDeMusica.app */,
				5289E7861D24C66400B4EC19 /* ReproductorDeMusicaTests.xctest */,
				5289E7911D24C66400B4EC19 /* ReproductorDeMusicaUITests.xctest */,
			);
			name = Products;
			sourceTree = "<group>";
		};
		5289E7741D24C66400B4EC19 /* ReproductorDeMusica */ = {
			isa = PBXGroup;
			children = (
				52F530881D29B0D200E2850D /* I Love Me.mp3 */,
				52F530861D29ADB700E2850D /* Light It Up.mp3 */,
				52F530791D28506400E2850D /* Hey Jude.mp3 */,
				52F530771D28505300E2850D /* Clumsy.mp3 */,
				52F530731D28504000E2850D /* Ça plane pour moi.mp3 */,
				52F530711D28502100E2850D /* Counting Stars.mp3 */,
				5289E7751D24C66400B4EC19 /* AppDelegate.swift */,
				5289E7771D24C66400B4EC19 /* ViewController.swift */,
				5289E7791D24C66400B4EC19 /* Main.storyboard */,
				5289E77C1D24C66400B4EC19 /* Assets.xcassets */,
				5289E77E1D24C66400B4EC19 /* LaunchScreen.storyboard */,
				5289E7811D24C66400B4EC19 /* Info.plist */,
			);
			path = ReproductorDeMusica;
			sourceTree = "<group>";
		};
		5289E7891D24C66400B4EC19 /* ReproductorDeMusicaTests */ = {
			isa = PBXGroup;
			children = (
				5289E78A1D24C66400B4EC19 /* ReproductorDeMusicaTests.swift */,
				5289E78C1D24C66400B4EC19 /* Info.plist */,
			);
			path = ReproductorDeMusicaTests;
			sourceTree = "<group>";
		};
		5289E7941D24C66400B4EC19 /* ReproductorDeMusicaUITests */ = {
			isa = PBXGroup;
			children = (
				5289E7951D24C66400B4EC19 /* ReproductorDeMusicaUITests.swift */,
				5289E7971D24C66400B4EC19 /* Info.plist */,
			);
			path = ReproductorDeMusicaUITests;
			sourceTree = "<group>";
		};
/* End PBXGroup section */

/* Begin PBXNativeTarget section */
		5289E7711D24C66400B4EC19 /* ReproductorDeMusica */ = {
			isa = PBXNativeTarget;
			buildConfigurationList = 5289E79A1D24C66400B4EC19 /* Build configuration list for PBXNativeTarget "ReproductorDeMusica" */;
			buildPhases = (
				5289E76E1D24C66400B4EC19 /* Sources */,
				5289E76F1D24C66400B4EC19 /* Frameworks */,
				5289E7701D24C66400B4EC19 /* Resources */,
			);
			buildRules = (
			);
			dependencies = (
			);
			name = ReproductorDeMusica;
			productName = ReproductorDeMusica;
			productReference = 5289E7721D24C66400B4EC19 /* ReproductorDeMusica.app */;
			productType = "com.apple.product-type.application";
		};
		5289E7851D24C66400B4EC19 /* ReproductorDeMusicaTests */ = {
			isa = PBXNativeTarget;
			buildConfigurationList = 5289E79D1D24C66400B4EC19 /* Build configuration list for PBXNativeTarget "ReproductorDeMusicaTests" */;
			buildPhases = (
				5289E7821D24C66400B4EC19 /* Sources */,
				5289E7831D24C66400B4EC19 /* Frameworks */,
				5289E7841D24C66400B4EC19 /* Resources */,
			);
			buildRules = (
			);
			dependencies = (
				5289E7881D24C66400B4EC19 /* PBXTargetDependency */,
			);
			name = ReproductorDeMusicaTests;
			productName = ReproductorDeMusicaTests;
			productReference = 5289E7861D24C66400B4EC19 /* ReproductorDeMusicaTests.xctest */;
			productType = "com.apple.product-type.bundle.unit-test";
		};
		5289E7901D24C66400B4EC19 /* ReproductorDeMusicaUITests */ = {
			isa = PBXNativeTarget;
			buildConfigurationList = 5289E7A01D24C66400B4EC19 /* Build configuration list for PBXNativeTarget "ReproductorDeMusicaUITests" */;
			buildPhases = (
				5289E78D1D24C66400B4EC19 /* Sources */,
				5289E78E1D24C66400B4EC19 /* Frameworks */,
				5289E78F1D24C66400B4EC19 /* Resources */,
			);
			buildRules = (
			);
			dependencies = (
				5289E7931D24C66400B4EC19 /* PBXTargetDependency */,
			);
			name = ReproductorDeMusicaUITests;
			productName = ReproductorDeMusicaUITests;
			productReference = 5289E7911D24C66400B4EC19 /* ReproductorDeMusicaUITests.xctest */;
			productType = "com.apple.product-type.bundle.ui-testing";
		};
/* End PBXNativeTarget section */

/* Begin PBXProject section */
		5289E76A1D24C66400B4EC19 /* Project object */ = {
			isa = PBXProject;
			attributes = {
				LastSwiftUpdateCheck = 0730;
				LastUpgradeCheck = 0730;
				ORGANIZATIONNAME = AHB;
				TargetAttributes = {
					5289E7711D24C66400B4EC19 = {
						CreatedOnToolsVersion = 7.3.1;
					};
					5289E7851D24C66400B4EC19 = {
						CreatedOnToolsVersion = 7.3.1;
						TestTargetID = 5289E7711D24C66400B4EC19;
					};
					5289E7901D24C66400B4EC19 = {
						CreatedOnToolsVersion = 7.3.1;
						TestTargetID = 5289E7711D24C66400B4EC19;
					};
				};
			};
			buildConfigurationList = 5289E76D1D24C66400B4EC19 /* Build configuration list for PBXProject "ReproductorDeMusica" */;
			compatibilityVersion = "Xcode 3.2";
			developmentRegion = English;
			hasScannedForEncodings = 0;
			knownRegions = (
				en,
				Base,
			);
			mainGroup = 5289E7691D24C66400B4EC19;
			productRefGroup = 5289E7731D24C66400B4EC19 /* Products */;
			projectDirPath = "";
			projectRoot = "";
			targets = (
				5289E7711D24C66400B4EC19 /* ReproductorDeMusica */,
				5289E7851D24C66400B4EC19 /* ReproductorDeMusicaTests */,
				5289E7901D24C66400B4EC19 /* ReproductorDeMusicaUITests */,
			);
		};
/* End PBXProject section */

/* Begin PBXResourcesBuildPhase section */
		5289E7701D24C66400B4EC19 /* Resources */ = {
			isa = PBXResourcesBuildPhase;
			buildActionMask = 2147483647;
			files = (
				52F530721D28502100E2850D /* Counting Stars.mp3 in Resources */,
				5289E7801D24C66400B4EC19 /* LaunchScreen.storyboard in Resources */,
				52F530871D29ADB700E2850D /* Light It Up.mp3 in Resources */,
				52F530891D29B0D200E2850D /* I Love Me.mp3 in Resources */,
				5289E77D1D24C66400B4EC19 /* Assets.xcassets in Resources */,
				52F530781D28505300E2850D /* Clumsy.mp3 in Resources */,
				52F530741D28504000E2850D /* Ça plane pour moi.mp3 in Resources */,
				52F5307A1D28506400E2850D /* Hey Jude.mp3 in Resources */,
				5289E77B1D24C66400B4EC19 /* Main.storyboard in Resources */,
			);
			runOnlyForDeploymentPostprocessing = 0;
		};
		5289E7841D24C66400B4EC19 /* Resources */ = {
			isa = PBXResourcesBuildPhase;
			buildActionMask = 2147483647;
			files = (
			);
			runOnlyForDeploymentPostprocessing = 0;
		};
		5289E78F1D24C66400B4EC19 /* Resources */ = {
			isa = PBXResourcesBuildPhase;
			buildActionMask = 2147483647;
			files = (
			);
			runOnlyForDeploymentPostprocessing = 0;
		};
/* End PBXResourcesBuildPhase section */

/* Begin PBXSourcesBuildPhase section */
		5289E76E1D24C66400B4EC19 /* Sources */ = {
			isa = PBXSourcesBuildPhase;
			buildActionMask = 2147483647;
			files = (
				5289E7781D24C66400B4EC19 /* ViewController.swift in Sources */,
				5289E7761D24C66400B4EC19 /* AppDelegate.swift in Sources */,
			);
			runOnlyForDeploymentPostprocessing = 0;
		};
		5289E7821D24C66400B4EC19 /* Sources */ = {
			isa = PBXSourcesBuildPhase;
			buildActionMask = 2147483647;
			files = (
				5289E78B1D24C66400B4EC19 /* ReproductorDeMusicaTests.swift in Sources */,
			);
			runOnlyForDeploymentPostprocessing = 0;
		};
		5289E78D1D24C66400B4EC19 /* Sources */ = {
			isa = PBXSourcesBuildPhase;
			buildActionMask = 2147483647;
			files = (
				5289E7961D24C66400B4EC19 /* ReproductorDeMusicaUITests.swift in Sources */,
			);
			runOnlyForDeploymentPostprocessing = 0;
		};
/* End PBXSourcesBuildPhase section */

/* Begin PBXTargetDependency section */
		5289E7881D24C66400B4EC19 /* PBXTargetDependency */ = {
			isa = PBXTargetDependency;
			target = 5289E7711D24C66400B4EC19 /* ReproductorDeMusica */;
			targetProxy = 5289E7871D24C66400B4EC19 /* PBXContainerItemProxy */;
		};
		5289E7931D24C66400B4EC19 /* PBXTargetDependency */ = {
			isa = PBXTargetDependency;
			target = 5289E7711D24C66400B4EC19 /* ReproductorDeMusica */;
			targetProxy = 5289E7921D24C66400B4EC19 /* PBXContainerItemProxy */;
		};
/* End PBXTargetDependency section */

/* Begin PBXVariantGroup section */
		5289E7791D24C66400B4EC19 /* Main.storyboard */ = {
			isa = PBXVariantGroup;
			children = (
				5289E77A1D24C66400B4EC19 /* Base */,
			);
			name = Main.storyboard;
			sourceTree = "<group>";
		};
		5289E77E1D24C66400B4EC19 /* LaunchScreen.storyboard */ = {
			isa = PBXVariantGroup;
			children = (
				5289E77F1D24C66400B4EC19 /* Base */,
			);
			name = LaunchScreen.storyboard;
			sourceTree = "<group>";
		};
/* End PBXVariantGroup section */

/* Begin XCBuildConfiguration section */
		5289E7981D24C66400B4EC19 /* Debug */ = {
			isa = XCBuildConfiguration;
			buildSettings = {
				ALWAYS_SEARCH_USER_PATHS = NO;
				CLANG_ANALYZER_NONNULL = YES;
				CLANG_CXX_LANGUAGE_STANDARD = "gnu++0x";
				CLANG_CXX_LIBRARY = "libc++";
				CLANG_ENABLE_MODULES = YES;
				CLANG_ENABLE_OBJC_ARC = YES;
				CLANG_WARN_BOOL_CONVERSION = YES;
				CLANG_WARN_CONSTANT_CONVERSION = YES;
				CLANG_WARN_DIRECT_OBJC_ISA_USAGE = YES_ERROR;
				CLANG_WARN_EMPTY_BODY = YES;
				CLANG_WARN_ENUM_CONVERSION = YES;
				CLANG_WARN_INT_CONVERSION = YES;
				CLANG_WARN_OBJC_ROOT_CLASS = YES_ERROR;
				CLANG_WARN_UNREACHABLE_CODE = YES;
				CLANG_WARN__DUPLICATE_METHOD_MATCH = YES;
				"CODE_SIGN_IDENTITY[sdk=iphoneos*]" = "iPhone Developer";
				COPY_PHASE_STRIP = NO;
				DEBUG_INFORMATION_FORMAT = dwarf;
				ENABLE_STRICT_OBJC_MSGSEND = YES;
				ENABLE_TESTABILITY = YES;
				GCC_C_LANGUAGE_STANDARD = gnu99;
				GCC_DYNAMIC_NO_PIC = NO;
				GCC_NO_COMMON_BLOCKS = YES;
				GCC_OPTIMIZATION_LEVEL = 0;
				GCC_PREPROCESSOR_DEFINITIONS = (
					"DEBUG=1",
					"$(inherited)",
				);
				GCC_WARN_64_TO_32_BIT_CONVERSION = YES;
				GCC_WARN_ABOUT_RETURN_TYPE = YES_ERROR;
				GCC_WARN_UNDECLARED_SELECTOR = YES;
				GCC_WARN_UNINITIALIZED_AUTOS = YES_AGGRESSIVE;
				GCC_WARN_UNUSED_FUNCTION = YES;
				GCC_WARN_UNUSED_VARIABLE = YES;
				IPHONEOS_DEPLOYMENT_TARGET = 9.3;
				MTL_ENABLE_DEBUG_INFO = YES;
				ONLY_ACTIVE_ARCH = YES;
				SDKROOT = iphoneos;
				SWIFT_OPTIMIZATION_LEVEL = "-Onone";
				TARGETED_DEVICE_FAMILY = "1,2";
			};
			name = Debug;
		};
		5289E7991D24C66400B4EC19 /* Release */ = {
			isa = XCBuildConfiguration;
			buildSettings = {
				ALWAYS_SEARCH_USER_PATHS = NO;
				CLANG_ANALYZER_NONNULL = YES;
				CLANG_CXX_LANGUAGE_STANDARD = "gnu++0x";
				CLANG_CXX_LIBRARY = "libc++";
				CLANG_ENABLE_MODULES = YES;
				CLANG_ENABLE_OBJC_ARC = YES;
				CLANG_WARN_BOOL_CONVERSION = YES;
				CLANG_WARN_CONSTANT_CONVERSION = YES;
				CLANG_WARN_DIRECT_OBJC_ISA_USAGE = YES_ERROR;
				CLANG_WARN_EMPTY_BODY = YES;
				CLANG_WARN_ENUM_CONVERSION = YES;
				CLANG_WARN_INT_CONVERSION = YES;
				CLANG_WARN_OBJC_ROOT_CLASS = YES_ERROR;
				CLANG_WARN_UNREACHABLE_CODE = YES;
				CLANG_WARN__DUPLICATE_METHOD_MATCH = YES;
				"CODE_SIGN_IDENTITY[sdk=iphoneos*]" = "iPhone Developer";
				COPY_PHASE_STRIP = NO;
				DEBUG_INFORMATION_FORMAT = "dwarf-with-dsym";
				ENABLE_NS_ASSERTIONS = NO;
				ENABLE_STRICT_OBJC_MSGSEND = YES;
				GCC_C_LANGUAGE_STANDARD = gnu99;
				GCC_NO_COMMON_BLOCKS = YES;
				GCC_WARN_64_TO_32_BIT_CONVERSION = YES;
				GCC_WARN_ABOUT_RETURN_TYPE = YES_ERROR;
				GCC_WARN_UNDECLARED_SELECTOR = YES;
				GCC_WARN_UNINITIALIZED_AUTOS = YES_AGGRESSIVE;
				GCC_WARN_UNUSED_FUNCTION = YES;
				GCC_WARN_UNUSED_VARIABLE = YES;
				IPHONEOS_DEPLOYMENT_TARGET = 9.3;
				MTL_ENABLE_DEBUG_INFO = NO;
				SDKROOT = iphoneos;
				TARGETED_DEVICE_FAMILY = "1,2";
				VALIDATE_PRODUCT = YES;
			};
			name = Release;
		};
		5289E79B1D24C66400B4EC19 /* Debug */ = {
			isa = XCBuildConfiguration;
			buildSettings = {
				ASSETCATALOG_COMPILER_APPICON_NAME = AppIcon;
				INFOPLIST_FILE = ReproductorDeMusica/Info.plist;
				LD_RUNPATH_SEARCH_PATHS = "$(inherited) @executable_path/Frameworks";
				PRODUCT_BUNDLE_IDENTIFIER = AHB.ReproductorDeMusica;
				PRODUCT_NAME = "$(TARGET_NAME)";
			};
			name = Debug;
		};
		5289E79C1D24C66400B4EC19 /* Release */ = {
			isa = XCBuildConfiguration;
			buildSettings = {
				ASSETCATALOG_COMPILER_APPICON_NAME = AppIcon;
				INFOPLIST_FILE = ReproductorDeMusica/Info.plist;
				LD_RUNPATH_SEARCH_PATHS = "$(inherited) @executable_path/Frameworks";
				PRODUCT_BUNDLE_IDENTIFIER = AHB.ReproductorDeMusica;
				PRODUCT_NAME = "$(TARGET_NAME)";
			};
			name = Release;
		};
		5289E79E1D24C66400B4EC19 /* Debug */ = {
			isa = XCBuildConfiguration;
			buildSettings = {
				BUNDLE_LOADER = "$(TEST_HOST)";
				INFOPLIST_FILE = ReproductorDeMusicaTests/Info.plist;
				LD_RUNPATH_SEARCH_PATHS = "$(inherited) @executable_path/Frameworks @loader_path/Frameworks";
				PRODUCT_BUNDLE_IDENTIFIER = AHB.ReproductorDeMusicaTests;
				PRODUCT_NAME = "$(TARGET_NAME)";
				TEST_HOST = "$(BUILT_PRODUCTS_DIR)/ReproductorDeMusica.app/ReproductorDeMusica";
			};
			name = Debug;
		};
		5289E79F1D24C66400B4EC19 /* Release */ = {
			isa = XCBuildConfiguration;
			buildSettings = {
				BUNDLE_LOADER = "$(TEST_HOST)";
				INFOPLIST_FILE = ReproductorDeMusicaTests/Info.plist;
				LD_RUNPATH_SEARCH_PATHS = "$(inherited) @executable_path/Frameworks @loader_path/Frameworks";
				PRODUCT_BUNDLE_IDENTIFIER = AHB.ReproductorDeMusicaTests;
				PRODUCT_NAME = "$(TARGET_NAME)";
				TEST_HOST = "$(BUILT_PRODUCTS_DIR)/ReproductorDeMusica.app/ReproductorDeMusica";
			};
			name = Release;
		};
		5289E7A11D24C66400B4EC19 /* Debug */ = {
			isa = XCBuildConfiguration;
			buildSettings = {
				INFOPLIST_FILE = ReproductorDeMusicaUITests/Info.plist;
				LD_RUNPATH_SEARCH_PATHS = "$(inherited) @executable_path/Frameworks @loader_path/Frameworks";
				PRODUCT_BUNDLE_IDENTIFIER = AHB.ReproductorDeMusicaUITests;
				PRODUCT_NAME = "$(TARGET_NAME)";
				TEST_TARGET_NAME = ReproductorDeMusica;
			};
			name = Debug;
		};
		5289E7A21D24C66400B4EC19 /* Release */ = {
			isa = XCBuildConfiguration;
			buildSettings = {
				INFOPLIST_FILE = ReproductorDeMusicaUITests/Info.plist;
				LD_RUNPATH_SEARCH_PATHS = "$(inherited) @executable_path/Frameworks @loader_path/Frameworks";
				PRODUCT_BUNDLE_IDENTIFIER = AHB.ReproductorDeMusicaUITests;
				PRODUCT_NAME = "$(TARGET_NAME)";
				TEST_TARGET_NAME = ReproductorDeMusica;
			};
			name = Release;
		};
/* End XCBuildConfiguration section */

/* Begin XCConfigurationList section */
		5289E76D1D24C66400B4EC19 /* Build configuration list for PBXProject "ReproductorDeMusica" */ = {
			isa = XCConfigurationList;
			buildConfigurations = (
				5289E7981D24C66400B4EC19 /* Debug */,
				5289E7991D24C66400B4EC19 /* Release */,
			);
			defaultConfigurationIsVisible = 0;
			defaultConfigurationName = Release;
		};
		5289E79A1D24C66400B4EC19 /* Build configuration list for PBXNativeTarget "ReproductorDeMusica" */ = {
			isa = XCConfigurationList;
			buildConfigurations = (
				5289E79B1D24C66400B4EC19 /* Debug */,
				5289E79C1D24C66400B4EC19 /* Release */,
			);
			defaultConfigurationIsVisible = 0;
			defaultConfigurationName = Release;
		};
		5289E79D1D24C66400B4EC19 /* Build configuration list for PBXNativeTarget "ReproductorDeMusicaTests" */ = {
			isa = XCConfigurationList;
			buildConfigurations = (
				5289E79E1D24C66400B4EC19 /* Debug */,
				5289E79F1D24C66400B4EC19 /* Release */,
			);
			defaultConfigurationIsVisible = 0;
			defaultConfigurationName = Release;
		};
		5289E7A01D24C66400B4EC19 /* Build configuration list for PBXNativeTarget "ReproductorDeMusicaUITests" */ = {
			isa = XCConfigurationList;
			buildConfigurations = (
				5289E7A11D24C66400B4EC19 /* Debug */,
				5289E7A21D24C66400B4EC19 /* Release */,
			);
			defaultConfigurationIsVisible = 0;
			defaultConfigurationName = Release;
		};
/* End XCConfigurationList section */
	};
	rootObject = 5289E76A1D24C66400B4EC19 /* Project object */;
}
